
Microsoft Visual Studio Solution File, Format Version 12.00
# Visual Studio Version 17
VisualStudioVersion = 17.4.33213.308
MinimumVisualStudioVersion = 10.0.40219.1
Project("{8BC9CEB8-8B4A-11D0-8D11-00A0C91BC942}") = "OOP Intro", "OOP Intro\OOP Intro.vcxproj", "{9CCBF206-7D93-4D7F-A05C-608A1456C82E}"
EndProject
Project("{8BC9CEB8-8B4A-11D0-8D11-00A0C91BC942}") = "Constructor, Destructor, This", "Constructor, Destructor, This\Constructor, Destructor, This.vcxproj", "{BBD381DE-5C7F-4B17-B79B-8B1B320A3C44}"
EndProject
Project("{8BC9CEB8-8B4A-11D0-8D11-00A0C91BC942}") = "initializtion", "initializtion\initializtion.vcxproj", "{9DAAEEDB-D28F-4B7B-8DC5-E9435964B4B9}"
EndProject
Project("{8BC9CEB8-8B4A-11D0-8D11-00A0C91BC942}") = "delegation", "delegation\delegation.vcxproj", "{2C88B50B-C0CE-493F-A1DD-7067CF42F67A}"
EndProject
Project("{8BC9CEB8-8B4A-11D0-8D11-00A0C91BC942}") = "static field", "static field\static field.vcxproj", "{7A8F7470-5833-41C6-8102-1AD601119CF4}"
EndProject
Project("{8BC9CEB8-8B4A-11D0-8D11-00A0C91BC942}") = "static_fields2", "static_fields2\static_fields2.vcxproj", "{933C3530-A84E-4EF7-9150-03F152F2297C}"
EndProject
Project("{8BC9CEB8-8B4A-11D0-8D11-00A0C91BC942}") = "const_fields", "const_fields\const_fields.vcxproj", "{A136A949-0FFD-4E81-8B5B-D9204AB7A9A9}"
EndProject
Project("{8BC9CEB8-8B4A-11D0-8D11-00A0C91BC942}") = "without copy constructor", "without copy constructor\without copy constructor.vcxproj", "{7716DE52-A688-4AFB-88EB-989AF89EAEA5}"
EndProject
Project("{8BC9CEB8-8B4A-11D0-8D11-00A0C91BC942}") = "with copy constructor", "with copy constructor\with copy constructor.vcxproj", "{941FC00A-69D9-4A9E-8C4D-B62546D24A3C}"
EndProject
Project("{8BC9CEB8-8B4A-11D0-8D11-00A0C91BC942}") = "operator_overloading", "operation_overloading\operation_overloading.vcxproj", "{4AAFAACB-DCBA-4B42-91EC-B998A404CCB6}"
EndProject
Project("{8BC9CEB8-8B4A-11D0-8D11-00A0C91BC942}") = "class task", "class task\class task.vcxproj", "{257F5434-0CE8-4BC8-BD37-294A675A1FD8}"
EndProject
Project("{8BC9CEB8-8B4A-11D0-8D11-00A0C91BC942}") = "MoveConstructor", "MoveConstructor\MoveConstructor.vcxproj", "{AE1627AE-3E3B-4A8F-AD87-DDFC6590DE35}"
EndProject
Project("{8BC9CEB8-8B4A-11D0-8D11-00A0C91BC942}") = "r value", "r value\r value.vcxproj", "{2471C11D-13C2-4451-98CE-52B6348F0228}"
EndProject
Project("{8BC9CEB8-8B4A-11D0-8D11-00A0C91BC942}") = "class template", "class template\class template.vcxproj", "{22BA2657-F66D-42C4-BF26-DF85FA4A4715}"
EndProject
Project("{8BC9CEB8-8B4A-11D0-8D11-00A0C91BC942}") = "friend class and functions", "friend class and functions\friend class and functions.vcxproj", "{8FA70608-BECD-4175-830D-28C6497D975F}"
EndProject
Project("{8BC9CEB8-8B4A-11D0-8D11-00A0C91BC942}") = "class string", "class string\class string.vcxproj", "{F4A97BC2-4F27-42C6-8EEB-CED8C459081A}"
EndProject
Project("{8BC9CEB8-8B4A-11D0-8D11-00A0C91BC942}") = "Linked list", "Linked list\Linked list.vcxproj", "{769ABF44-DBA8-4F37-BEBD-B55C73D3A797}"
EndProject
Project("{8BC9CEB8-8B4A-11D0-8D11-00A0C91BC942}") = "Stack_", "Stack\Stack.vcxproj", "{6011236B-613B-4B07-AA31-07A39262B722}"
EndProject
Project("{8BC9CEB8-8B4A-11D0-8D11-00A0C91BC942}") = "queue", "queue\queue.vcxproj", "{038D353E-55B7-4D45-8DB3-25EAD765DBFA}"
EndProject
Project("{8BC9CEB8-8B4A-11D0-8D11-00A0C91BC942}") = "nested classes", "nested classes\nested classes.vcxproj", "{0623A1D2-8D80-4300-B58D-DF1F41DF77D6}"
EndProject
Project("{8BC9CEB8-8B4A-11D0-8D11-00A0C91BC942}") = "Composition", "Composition\Composition.vcxproj", "{226D85A8-6417-4B5E-814E-FA83C0665BC1}"
EndProject
Project("{8BC9CEB8-8B4A-11D0-8D11-00A0C91BC942}") = "Aggregation", "Aggregation\Aggregation.vcxproj", "{4BB4F889-CBA7-49B4-817A-B132053236B9}"
EndProject
Project("{8BC9CEB8-8B4A-11D0-8D11-00A0C91BC942}") = "Inheritance", "Inheritance\Inheritance.vcxproj", "{1DCAA6D0-8415-437F-8AA2-6F057BFEBEF9}"
EndProject
Project("{8BC9CEB8-8B4A-11D0-8D11-00A0C91BC942}") = "Inheritance_access", "Inheritance_access\Inheritance_access.vcxproj", "{25978531-4AE1-4DB5-B6A5-8515021DACFC}"
EndProject
Project("{8BC9CEB8-8B4A-11D0-8D11-00A0C91BC942}") = "Multiple inheritance", "Multiple inheritance\Multiple inheritance.vcxproj", "{D2C3E65D-8250-4E6F-B610-DD3331F5E05F}"
EndProject
Project("{8BC9CEB8-8B4A-11D0-8D11-00A0C91BC942}") = "inheritance access advanced", "inheritance access advanced\inheritance access advanced.vcxproj", "{F8BFFD3F-57A4-4F12-8921-57B9B29F5F39}"
EndProject
Global
	GlobalSection(SolutionConfigurationPlatforms) = preSolution
		Debug|x64 = Debug|x64
		Debug|x86 = Debug|x86
		Release|x64 = Release|x64
		Release|x86 = Release|x86
	EndGlobalSection
	GlobalSection(ProjectConfigurationPlatforms) = postSolution
		{9CCBF206-7D93-4D7F-A05C-608A1456C82E}.Debug|x64.ActiveCfg = Debug|x64
		{9CCBF206-7D93-4D7F-A05C-608A1456C82E}.Debug|x64.Build.0 = Debug|x64
		{9CCBF206-7D93-4D7F-A05C-608A1456C82E}.Debug|x86.ActiveCfg = Debug|Win32
		{9CCBF206-7D93-4D7F-A05C-608A1456C82E}.Debug|x86.Build.0 = Debug|Win32
		{9CCBF206-7D93-4D7F-A05C-608A1456C82E}.Release|x64.ActiveCfg = Release|x64
		{9CCBF206-7D93-4D7F-A05C-608A1456C82E}.Release|x64.Build.0 = Release|x64
		{9CCBF206-7D93-4D7F-A05C-608A1456C82E}.Release|x86.ActiveCfg = Release|Win32
		{9CCBF206-7D93-4D7F-A05C-608A1456C82E}.Release|x86.Build.0 = Release|Win32
		{BBD381DE-5C7F-4B17-B79B-8B1B320A3C44}.Debug|x64.ActiveCfg = Debug|x64
		{BBD381DE-5C7F-4B17-B79B-8B1B320A3C44}.Debug|x64.Build.0 = Debug|x64
		{BBD381DE-5C7F-4B17-B79B-8B1B320A3C44}.Debug|x86.ActiveCfg = Debug|Win32
		{BBD381DE-5C7F-4B17-B79B-8B1B320A3C44}.Debug|x86.Build.0 = Debug|Win32
		{BBD381DE-5C7F-4B17-B79B-8B1B320A3C44}.Release|x64.ActiveCfg = Release|x64
		{BBD381DE-5C7F-4B17-B79B-8B1B320A3C44}.Release|x64.Build.0 = Release|x64
		{BBD381DE-5C7F-4B17-B79B-8B1B320A3C44}.Release|x86.ActiveCfg = Release|Win32
		{BBD381DE-5C7F-4B17-B79B-8B1B320A3C44}.Release|x86.Build.0 = Release|Win32
		{9DAAEEDB-D28F-4B7B-8DC5-E9435964B4B9}.Debug|x64.ActiveCfg = Debug|x64
		{9DAAEEDB-D28F-4B7B-8DC5-E9435964B4B9}.Debug|x64.Build.0 = Debug|x64
		{9DAAEEDB-D28F-4B7B-8DC5-E9435964B4B9}.Debug|x86.ActiveCfg = Debug|Win32
		{9DAAEEDB-D28F-4B7B-8DC5-E9435964B4B9}.Debug|x86.Build.0 = Debug|Win32
		{9DAAEEDB-D28F-4B7B-8DC5-E9435964B4B9}.Release|x64.ActiveCfg = Release|x64
		{9DAAEEDB-D28F-4B7B-8DC5-E9435964B4B9}.Release|x64.Build.0 = Release|x64
		{9DAAEEDB-D28F-4B7B-8DC5-E9435964B4B9}.Release|x86.ActiveCfg = Release|Win32
		{9DAAEEDB-D28F-4B7B-8DC5-E9435964B4B9}.Release|x86.Build.0 = Release|Win32
		{2C88B50B-C0CE-493F-A1DD-7067CF42F67A}.Debug|x64.ActiveCfg = Debug|x64
		{2C88B50B-C0CE-493F-A1DD-7067CF42F67A}.Debug|x64.Build.0 = Debug|x64
		{2C88B50B-C0CE-493F-A1DD-7067CF42F67A}.Debug|x86.ActiveCfg = Debug|Win32
		{2C88B50B-C0CE-493F-A1DD-7067CF42F67A}.Debug|x86.Build.0 = Debug|Win32
		{2C88B50B-C0CE-493F-A1DD-7067CF42F67A}.Release|x64.ActiveCfg = Release|x64
		{2C88B50B-C0CE-493F-A1DD-7067CF42F67A}.Release|x64.Build.0 = Release|x64
		{2C88B50B-C0CE-493F-A1DD-7067CF42F67A}.Release|x86.ActiveCfg = Release|Win32
		{2C88B50B-C0CE-493F-A1DD-7067CF42F67A}.Release|x86.Build.0 = Release|Win32
		{7A8F7470-5833-41C6-8102-1AD601119CF4}.Debug|x64.ActiveCfg = Debug|x64
		{7A8F7470-5833-41C6-8102-1AD601119CF4}.Debug|x64.Build.0 = Debug|x64
		{7A8F7470-5833-41C6-8102-1AD601119CF4}.Debug|x86.ActiveCfg = Debug|Win32
		{7A8F7470-5833-41C6-8102-1AD601119CF4}.Debug|x86.Build.0 = Debug|Win32
		{7A8F7470-5833-41C6-8102-1AD601119CF4}.Release|x64.ActiveCfg = Release|x64
		{7A8F7470-5833-41C6-8102-1AD601119CF4}.Release|x64.Build.0 = Release|x64
		{7A8F7470-5833-41C6-8102-1AD601119CF4}.Release|x86.ActiveCfg = Release|Win32
		{7A8F7470-5833-41C6-8102-1AD601119CF4}.Release|x86.Build.0 = Release|Win32
		{933C3530-A84E-4EF7-9150-03F152F2297C}.Debug|x64.ActiveCfg = Debug|x64
		{933C3530-A84E-4EF7-9150-03F152F2297C}.Debug|x64.Build.0 = Debug|x64
		{933C3530-A84E-4EF7-9150-03F152F2297C}.Debug|x86.ActiveCfg = Debug|Win32
		{933C3530-A84E-4EF7-9150-03F152F2297C}.Debug|x86.Build.0 = Debug|Win32
		{933C3530-A84E-4EF7-9150-03F152F2297C}.Release|x64.ActiveCfg = Release|x64
		{933C3530-A84E-4EF7-9150-03F152F2297C}.Release|x64.Build.0 = Release|x64
		{933C3530-A84E-4EF7-9150-03F152F2297C}.Release|x86.ActiveCfg = Release|Win32
		{933C3530-A84E-4EF7-9150-03F152F2297C}.Release|x86.Build.0 = Release|Win32
		{A136A949-0FFD-4E81-8B5B-D9204AB7A9A9}.Debug|x64.ActiveCfg = Debug|x64
		{A136A949-0FFD-4E81-8B5B-D9204AB7A9A9}.Debug|x64.Build.0 = Debug|x64
		{A136A949-0FFD-4E81-8B5B-D9204AB7A9A9}.Debug|x86.ActiveCfg = Debug|Win32
		{A136A949-0FFD-4E81-8B5B-D9204AB7A9A9}.Debug|x86.Build.0 = Debug|Win32
		{A136A949-0FFD-4E81-8B5B-D9204AB7A9A9}.Release|x64.ActiveCfg = Release|x64
		{A136A949-0FFD-4E81-8B5B-D9204AB7A9A9}.Release|x64.Build.0 = Release|x64
		{A136A949-0FFD-4E81-8B5B-D9204AB7A9A9}.Release|x86.ActiveCfg = Release|Win32
		{A136A949-0FFD-4E81-8B5B-D9204AB7A9A9}.Release|x86.Build.0 = Release|Win32
		{7716DE52-A688-4AFB-88EB-989AF89EAEA5}.Debug|x64.ActiveCfg = Debug|x64
		{7716DE52-A688-4AFB-88EB-989AF89EAEA5}.Debug|x64.Build.0 = Debug|x64
		{7716DE52-A688-4AFB-88EB-989AF89EAEA5}.Debug|x86.ActiveCfg = Debug|Win32
		{7716DE52-A688-4AFB-88EB-989AF89EAEA5}.Debug|x86.Build.0 = Debug|Win32
		{7716DE52-A688-4AFB-88EB-989AF89EAEA5}.Release|x64.ActiveCfg = Release|x64
		{7716DE52-A688-4AFB-88EB-989AF89EAEA5}.Release|x64.Build.0 = Release|x64
		{7716DE52-A688-4AFB-88EB-989AF89EAEA5}.Release|x86.ActiveCfg = Release|Win32
		{7716DE52-A688-4AFB-88EB-989AF89EAEA5}.Release|x86.Build.0 = Release|Win32
		{941FC00A-69D9-4A9E-8C4D-B62546D24A3C}.Debug|x64.ActiveCfg = Debug|x64
		{941FC00A-69D9-4A9E-8C4D-B62546D24A3C}.Debug|x64.Build.0 = Debug|x64
		{941FC00A-69D9-4A9E-8C4D-B62546D24A3C}.Debug|x86.ActiveCfg = Debug|Win32
		{941FC00A-69D9-4A9E-8C4D-B62546D24A3C}.Debug|x86.Build.0 = Debug|Win32
		{941FC00A-69D9-4A9E-8C4D-B62546D24A3C}.Release|x64.ActiveCfg = Release|x64
		{941FC00A-69D9-4A9E-8C4D-B62546D24A3C}.Release|x64.Build.0 = Release|x64
		{941FC00A-69D9-4A9E-8C4D-B62546D24A3C}.Release|x86.ActiveCfg = Release|Win32
		{941FC00A-69D9-4A9E-8C4D-B62546D24A3C}.Release|x86.Build.0 = Release|Win32
		{4AAFAACB-DCBA-4B42-91EC-B998A404CCB6}.Debug|x64.ActiveCfg = Debug|x64
		{4AAFAACB-DCBA-4B42-91EC-B998A404CCB6}.Debug|x64.Build.0 = Debug|x64
		{4AAFAACB-DCBA-4B42-91EC-B998A404CCB6}.Debug|x86.ActiveCfg = Debug|Win32
		{4AAFAACB-DCBA-4B42-91EC-B998A404CCB6}.Debug|x86.Build.0 = Debug|Win32
		{4AAFAACB-DCBA-4B42-91EC-B998A404CCB6}.Release|x64.ActiveCfg = Release|x64
		{4AAFAACB-DCBA-4B42-91EC-B998A404CCB6}.Release|x64.Build.0 = Release|x64
		{4AAFAACB-DCBA-4B42-91EC-B998A404CCB6}.Release|x86.ActiveCfg = Release|Win32
		{4AAFAACB-DCBA-4B42-91EC-B998A404CCB6}.Release|x86.Build.0 = Release|Win32
		{257F5434-0CE8-4BC8-BD37-294A675A1FD8}.Debug|x64.ActiveCfg = Debug|x64
		{257F5434-0CE8-4BC8-BD37-294A675A1FD8}.Debug|x64.Build.0 = Debug|x64
		{257F5434-0CE8-4BC8-BD37-294A675A1FD8}.Debug|x86.ActiveCfg = Debug|Win32
		{257F5434-0CE8-4BC8-BD37-294A675A1FD8}.Debug|x86.Build.0 = Debug|Win32
		{257F5434-0CE8-4BC8-BD37-294A675A1FD8}.Release|x64.ActiveCfg = Release|x64
		{257F5434-0CE8-4BC8-BD37-294A675A1FD8}.Release|x64.Build.0 = Release|x64
		{257F5434-0CE8-4BC8-BD37-294A675A1FD8}.Release|x86.ActiveCfg = Release|Win32
		{257F5434-0CE8-4BC8-BD37-294A675A1FD8}.Release|x86.Build.0 = Release|Win32
		{AE1627AE-3E3B-4A8F-AD87-DDFC6590DE35}.Debug|x64.ActiveCfg = Debug|x64
		{AE1627AE-3E3B-4A8F-AD87-DDFC6590DE35}.Debug|x64.Build.0 = Debug|x64
		{AE1627AE-3E3B-4A8F-AD87-DDFC6590DE35}.Debug|x86.ActiveCfg = Debug|Win32
		{AE1627AE-3E3B-4A8F-AD87-DDFC6590DE35}.Debug|x86.Build.0 = Debug|Win32
		{AE1627AE-3E3B-4A8F-AD87-DDFC6590DE35}.Release|x64.ActiveCfg = Release|x64
		{AE1627AE-3E3B-4A8F-AD87-DDFC6590DE35}.Release|x64.Build.0 = Release|x64
		{AE1627AE-3E3B-4A8F-AD87-DDFC6590DE35}.Release|x86.ActiveCfg = Release|Win32
		{AE1627AE-3E3B-4A8F-AD87-DDFC6590DE35}.Release|x86.Build.0 = Release|Win32
		{2471C11D-13C2-4451-98CE-52B6348F0228}.Debug|x64.ActiveCfg = Debug|x64
		{2471C11D-13C2-4451-98CE-52B6348F0228}.Debug|x64.Build.0 = Debug|x64
		{2471C11D-13C2-4451-98CE-52B6348F0228}.Debug|x86.ActiveCfg = Debug|Win32
		{2471C11D-13C2-4451-98CE-52B6348F0228}.Debug|x86.Build.0 = Debug|Win32
		{2471C11D-13C2-4451-98CE-52B6348F0228}.Release|x64.ActiveCfg = Release|x64
		{2471C11D-13C2-4451-98CE-52B6348F0228}.Release|x64.Build.0 = Release|x64
		{2471C11D-13C2-4451-98CE-52B6348F0228}.Release|x86.ActiveCfg = Release|Win32
		{2471C11D-13C2-4451-98CE-52B6348F0228}.Release|x86.Build.0 = Release|Win32
		{22BA2657-F66D-42C4-BF26-DF85FA4A4715}.Debug|x64.ActiveCfg = Debug|x64
		{22BA2657-F66D-42C4-BF26-DF85FA4A4715}.Debug|x64.Build.0 = Debug|x64
		{22BA2657-F66D-42C4-BF26-DF85FA4A4715}.Debug|x86.ActiveCfg = Debug|Win32
		{22BA2657-F66D-42C4-BF26-DF85FA4A4715}.Debug|x86.Build.0 = Debug|Win32
		{22BA2657-F66D-42C4-BF26-DF85FA4A4715}.Release|x64.ActiveCfg = Release|x64
		{22BA2657-F66D-42C4-BF26-DF85FA4A4715}.Release|x64.Build.0 = Release|x64
		{22BA2657-F66D-42C4-BF26-DF85FA4A4715}.Release|x86.ActiveCfg = Release|Win32
		{22BA2657-F66D-42C4-BF26-DF85FA4A4715}.Release|x86.Build.0 = Release|Win32
		{8FA70608-BECD-4175-830D-28C6497D975F}.Debug|x64.ActiveCfg = Debug|x64
		{8FA70608-BECD-4175-830D-28C6497D975F}.Debug|x64.Build.0 = Debug|x64
		{8FA70608-BECD-4175-830D-28C6497D975F}.Debug|x86.ActiveCfg = Debug|Win32
		{8FA70608-BECD-4175-830D-28C6497D975F}.Debug|x86.Build.0 = Debug|Win32
		{8FA70608-BECD-4175-830D-28C6497D975F}.Release|x64.ActiveCfg = Release|x64
		{8FA70608-BECD-4175-830D-28C6497D975F}.Release|x64.Build.0 = Release|x64
		{8FA70608-BECD-4175-830D-28C6497D975F}.Release|x86.ActiveCfg = Release|Win32
		{8FA70608-BECD-4175-830D-28C6497D975F}.Release|x86.Build.0 = Release|Win32
		{F4A97BC2-4F27-42C6-8EEB-CED8C459081A}.Debug|x64.ActiveCfg = Debug|x64
		{F4A97BC2-4F27-42C6-8EEB-CED8C459081A}.Debug|x64.Build.0 = Debug|x64
		{F4A97BC2-4F27-42C6-8EEB-CED8C459081A}.Debug|x86.ActiveCfg = Debug|Win32
		{F4A97BC2-4F27-42C6-8EEB-CED8C459081A}.Debug|x86.Build.0 = Debug|Win32
		{F4A97BC2-4F27-42C6-8EEB-CED8C459081A}.Release|x64.ActiveCfg = Release|x64
		{F4A97BC2-4F27-42C6-8EEB-CED8C459081A}.Release|x64.Build.0 = Release|x64
		{F4A97BC2-4F27-42C6-8EEB-CED8C459081A}.Release|x86.ActiveCfg = Release|Win32
		{F4A97BC2-4F27-42C6-8EEB-CED8C459081A}.Release|x86.Build.0 = Release|Win32
		{769ABF44-DBA8-4F37-BEBD-B55C73D3A797}.Debug|x64.ActiveCfg = Debug|x64
		{769ABF44-DBA8-4F37-BEBD-B55C73D3A797}.Debug|x64.Build.0 = Debug|x64
		{769ABF44-DBA8-4F37-BEBD-B55C73D3A797}.Debug|x86.ActiveCfg = Debug|Win32
		{769ABF44-DBA8-4F37-BEBD-B55C73D3A797}.Debug|x86.Build.0 = Debug|Win32
		{769ABF44-DBA8-4F37-BEBD-B55C73D3A797}.Release|x64.ActiveCfg = Release|x64
		{769ABF44-DBA8-4F37-BEBD-B55C73D3A797}.Release|x64.Build.0 = Release|x64
		{769ABF44-DBA8-4F37-BEBD-B55C73D3A797}.Release|x86.ActiveCfg = Release|Win32
		{769ABF44-DBA8-4F37-BEBD-B55C73D3A797}.Release|x86.Build.0 = Release|Win32
		{6011236B-613B-4B07-AA31-07A39262B722}.Debug|x64.ActiveCfg = Debug|x64
		{6011236B-613B-4B07-AA31-07A39262B722}.Debug|x64.Build.0 = Debug|x64
		{6011236B-613B-4B07-AA31-07A39262B722}.Debug|x86.ActiveCfg = Debug|Win32
		{6011236B-613B-4B07-AA31-07A39262B722}.Debug|x86.Build.0 = Debug|Win32
		{6011236B-613B-4B07-AA31-07A39262B722}.Release|x64.ActiveCfg = Release|x64
		{6011236B-613B-4B07-AA31-07A39262B722}.Release|x64.Build.0 = Release|x64
		{6011236B-613B-4B07-AA31-07A39262B722}.Release|x86.ActiveCfg = Release|Win32
		{6011236B-613B-4B07-AA31-07A39262B722}.Release|x86.Build.0 = Release|Win32
		{038D353E-55B7-4D45-8DB3-25EAD765DBFA}.Debug|x64.ActiveCfg = Debug|x64
		{038D353E-55B7-4D45-8DB3-25EAD765DBFA}.Debug|x64.Build.0 = Debug|x64
		{038D353E-55B7-4D45-8DB3-25EAD765DBFA}.Debug|x86.ActiveCfg = Debug|Win32
		{038D353E-55B7-4D45-8DB3-25EAD765DBFA}.Debug|x86.Build.0 = Debug|Win32
		{038D353E-55B7-4D45-8DB3-25EAD765DBFA}.Release|x64.ActiveCfg = Release|x64
		{038D353E-55B7-4D45-8DB3-25EAD765DBFA}.Release|x64.Build.0 = Release|x64
		{038D353E-55B7-4D45-8DB3-25EAD765DBFA}.Release|x86.ActiveCfg = Release|Win32
		{038D353E-55B7-4D45-8DB3-25EAD765DBFA}.Release|x86.Build.0 = Release|Win32
		{0623A1D2-8D80-4300-B58D-DF1F41DF77D6}.Debug|x64.ActiveCfg = Debug|x64
		{0623A1D2-8D80-4300-B58D-DF1F41DF77D6}.Debug|x64.Build.0 = Debug|x64
		{0623A1D2-8D80-4300-B58D-DF1F41DF77D6}.Debug|x86.ActiveCfg = Debug|Win32
		{0623A1D2-8D80-4300-B58D-DF1F41DF77D6}.Debug|x86.Build.0 = Debug|Win32
		{0623A1D2-8D80-4300-B58D-DF1F41DF77D6}.Release|x64.ActiveCfg = Release|x64
		{0623A1D2-8D80-4300-B58D-DF1F41DF77D6}.Release|x64.Build.0 = Release|x64
		{0623A1D2-8D80-4300-B58D-DF1F41DF77D6}.Release|x86.ActiveCfg = Release|Win32
		{0623A1D2-8D80-4300-B58D-DF1F41DF77D6}.Release|x86.Build.0 = Release|Win32
		{226D85A8-6417-4B5E-814E-FA83C0665BC1}.Debug|x64.ActiveCfg = Debug|x64
		{226D85A8-6417-4B5E-814E-FA83C0665BC1}.Debug|x64.Build.0 = Debug|x64
		{226D85A8-6417-4B5E-814E-FA83C0665BC1}.Debug|x86.ActiveCfg = Debug|Win32
		{226D85A8-6417-4B5E-814E-FA83C0665BC1}.Debug|x86.Build.0 = Debug|Win32
		{226D85A8-6417-4B5E-814E-FA83C0665BC1}.Release|x64.ActiveCfg = Release|x64
		{226D85A8-6417-4B5E-814E-FA83C0665BC1}.Release|x64.Build.0 = Release|x64
		{226D85A8-6417-4B5E-814E-FA83C0665BC1}.Release|x86.ActiveCfg = Release|Win32
		{226D85A8-6417-4B5E-814E-FA83C0665BC1}.Release|x86.Build.0 = Release|Win32
		{4BB4F889-CBA7-49B4-817A-B132053236B9}.Debug|x64.ActiveCfg = Debug|x64
		{4BB4F889-CBA7-49B4-817A-B132053236B9}.Debug|x64.Build.0 = Debug|x64
		{4BB4F889-CBA7-49B4-817A-B132053236B9}.Debug|x86.ActiveCfg = Debug|Win32
		{4BB4F889-CBA7-49B4-817A-B132053236B9}.Debug|x86.Build.0 = Debug|Win32
		{4BB4F889-CBA7-49B4-817A-B132053236B9}.Release|x64.ActiveCfg = Release|x64
		{4BB4F889-CBA7-49B4-817A-B132053236B9}.Release|x64.Build.0 = Release|x64
		{4BB4F889-CBA7-49B4-817A-B132053236B9}.Release|x86.ActiveCfg = Release|Win32
		{4BB4F889-CBA7-49B4-817A-B132053236B9}.Release|x86.Build.0 = Release|Win32
		{1DCAA6D0-8415-437F-8AA2-6F057BFEBEF9}.Debug|x64.ActiveCfg = Debug|x64
		{1DCAA6D0-8415-437F-8AA2-6F057BFEBEF9}.Debug|x64.Build.0 = Debug|x64
		{1DCAA6D0-8415-437F-8AA2-6F057BFEBEF9}.Debug|x86.ActiveCfg = Debug|Win32
		{1DCAA6D0-8415-437F-8AA2-6F057BFEBEF9}.Debug|x86.Build.0 = Debug|Win32
		{1DCAA6D0-8415-437F-8AA2-6F057BFEBEF9}.Release|x64.ActiveCfg = Release|x64
		{1DCAA6D0-8415-437F-8AA2-6F057BFEBEF9}.Release|x64.Build.0 = Release|x64
		{1DCAA6D0-8415-437F-8AA2-6F057BFEBEF9}.Release|x86.ActiveCfg = Release|Win32
		{1DCAA6D0-8415-437F-8AA2-6F057BFEBEF9}.Release|x86.Build.0 = Release|Win32
		{25978531-4AE1-4DB5-B6A5-8515021DACFC}.Debug|x64.ActiveCfg = Debug|x64
		{25978531-4AE1-4DB5-B6A5-8515021DACFC}.Debug|x64.Build.0 = Debug|x64
		{25978531-4AE1-4DB5-B6A5-8515021DACFC}.Debug|x86.ActiveCfg = Debug|Win32
		{25978531-4AE1-4DB5-B6A5-8515021DACFC}.Debug|x86.Build.0 = Debug|Win32
		{25978531-4AE1-4DB5-B6A5-8515021DACFC}.Release|x64.ActiveCfg = Release|x64
		{25978531-4AE1-4DB5-B6A5-8515021DACFC}.Release|x64.Build.0 = Release|x64
		{25978531-4AE1-4DB5-B6A5-8515021DACFC}.Release|x86.ActiveCfg = Release|Win32
		{25978531-4AE1-4DB5-B6A5-8515021DACFC}.Release|x86.Build.0 = Release|Win32
		{D2C3E65D-8250-4E6F-B610-DD3331F5E05F}.Debug|x64.ActiveCfg = Debug|x64
		{D2C3E65D-8250-4E6F-B610-DD3331F5E05F}.Debug|x64.Build.0 = Debug|x64
		{D2C3E65D-8250-4E6F-B610-DD3331F5E05F}.Debug|x86.ActiveCfg = Debug|Win32
		{D2C3E65D-8250-4E6F-B610-DD3331F5E05F}.Debug|x86.Build.0 = Debug|Win32
		{D2C3E65D-8250-4E6F-B610-DD3331F5E05F}.Release|x64.ActiveCfg = Release|x64
		{D2C3E65D-8250-4E6F-B610-DD3331F5E05F}.Release|x64.Build.0 = Release|x64
		{D2C3E65D-8250-4E6F-B610-DD3331F5E05F}.Release|x86.ActiveCfg = Release|Win32
		{D2C3E65D-8250-4E6F-B610-DD3331F5E05F}.Release|x86.Build.0 = Release|Win32
		{F8BFFD3F-57A4-4F12-8921-57B9B29F5F39}.Debug|x64.ActiveCfg = Debug|x64
		{F8BFFD3F-57A4-4F12-8921-57B9B29F5F39}.Debug|x64.Build.0 = Debug|x64
		{F8BFFD3F-57A4-4F12-8921-57B9B29F5F39}.Debug|x86.ActiveCfg = Debug|Win32
		{F8BFFD3F-57A4-4F12-8921-57B9B29F5F39}.Debug|x86.Build.0 = Debug|Win32
		{F8BFFD3F-57A4-4F12-8921-57B9B29F5F39}.Release|x64.ActiveCfg = Release|x64
		{F8BFFD3F-57A4-4F12-8921-57B9B29F5F39}.Release|x64.Build.0 = Release|x64
		{F8BFFD3F-57A4-4F12-8921-57B9B29F5F39}.Release|x86.ActiveCfg = Release|Win32
		{F8BFFD3F-57A4-4F12-8921-57B9B29F5F39}.Release|x86.Build.0 = Release|Win32
	EndGlobalSection
	GlobalSection(SolutionProperties) = preSolution
		HideSolutionNode = FALSE
	EndGlobalSection
	GlobalSection(ExtensibilityGlobals) = postSolution
		SolutionGuid = {CCD4D406-80A4-4A43-A1DF-32F2E47D7103}
	EndGlobalSection
EndGlobal
